{
  "name": "lockfile",
  "lockfileVersion": 3,
  "requires": true,
  "packages": {
    "": {
      "dependencies": {
        "lodash._baseget": "3.7.1",
        "lodash._baseslice": "^3.0.1",
        "lodash.get": "3",
        "lodash.has": "4.0.0",
        "lodash.has3": "npm:lodash.has@3"
      }
    },
    "node_modules/lodash._baseget": {
      "version": "3.7.1",
      "resolved": "https://registry.npmjs.org/lodash._baseget/-/lodash._baseget-3.7.1.tgz",
      "integrity": "sha512-VFICYluEPRjeVlLDdg6tGNyYplqEC5aE3ZzN2mScC7aoD96mYYwzsalX8VLQFd7W0M9Vsp+JMp+TlDmIvVhXkA=="
    },
    "node_modules/lodash._baseslice": {
      "version": "3.0.3",
      "resolved": "https://registry.npmjs.org/lodash._baseslice/-/lodash._baseslice-3.0.3.tgz",
      "integrity": "sha512-DkeB6ZDkxIAkBvfuaq4ZHE8vN/FW0tZxMERQxci1zP0oFH6xC1ogpebPNgANXSwwcpjZPDAGWd4EFyATAf7Nsw=="
    },
    "node_modules/lodash._topath": {
      "version": "3.8.1",
      "resolved": "https://registry.npmjs.org/lodash._topath/-/lodash._topath-3.8.1.tgz",
      "integrity": "sha512-QsF5c8A+Biv0oxuSCd05JqhXHPCjvFT0nMXVevfMgU1pp5iEHVSin2cKXi3lQe5+px285p7kAHVtOnbNE79syw==",
      "dependencies": {
        "lodash.isarray": "^3.0.0"
      }
    },
    "node_modules/lodash.get": {
      "version": "3.7.0",
      "resolved": "https://registry.npmjs.org/lodash.get/-/lodash.get-3.7.0.tgz",
      "integrity": "sha512-7iD0aRHu/B8gcCDNx53lJi33R4TzpbOB3Mfk4XpIN7WFUt+W5rI+6CtHhpJ52B6zhhRvogtuNSDFZc3xgcbClQ==",
      "dependencies": {
        "lodash._baseget": "^3.0.0",
        "lodash._topath": "^3.0.0"
      }
    },
    "node_modules/lodash.has": {
      "version": "4.0.0",
      "resolved": "https://registry.npmjs.org/lodash.has/-/lodash.has-4.0.0.tgz",
      "integrity": "sha512-Xw3htH7ERWlsAkYbelC1I4ItQafDzLPP7h42GQjdxp4G7EyF7/gkEp1z3zGpw+6ceiKpDyq4lOX2dZqTk8qIfQ==",
      "dependencies": {
        "lodash._baseslice": "^4.0.0",
        "lodash.get": "^4.0.0"
      }
    },
    "node_modules/lodash.has/node_modules/lodash._baseslice": {
      "version": "4.0.0",
      "resolved": "https://registry.npmjs.org/lodash._baseslice/-/lodash._baseslice-4.0.0.tgz",
      "integrity": "sha512-gFMKGnEY/5cjMx2+x+yfKvrcm3w1PWWqUgWyo4r9xfTqVIaObWoTGoaIEp4ZWwEs/DQ3hoBzzW8W0Rus5+IcZw=="
    },
    "node_modules/lodash.has/node_modules/lodash.get": {
      "version": "4.4.2",
      "resolved": "https://registry.npmjs.org/lodash.get/-/lodash.get-4.4.2.tgz",
      "integrity": "sha512-z+Uw/vLuy6gQe8cfaFWD7p0wVv8fJl3mbzXh33RS+0oW2wvUqiRXiQ69gLWSLpgB5/6sU+r6BlQR0MBILadqTQ=="
    },
    "node_modules/lodash.has3": {
      "name": "lodash.has",
      "version": "3.2.1",
      "resolved": "https://registry.npmjs.org/lodash.has/-/lodash.has-3.2.1.tgz",
      "integrity": "sha512-KL1Z/fbG2omhWTc90h1NzS/JDsW+/0rCfoBUQBIBZCRnaJxFwagpm/dtQppzstlXXVvRy9jqCWBxoyeAkFxsaw==",
      "dependencies": {
        "lodash._baseget": "^3.0.0",
        "lodash._baseslice": "^3.0.0",
        "lodash._topath": "^3.0.0",
        "lodash.isarguments": "^3.0.0",
        "lodash.isarray": "^3.0.0"
      }
    },
    "node_modules/lodash.isarguments": {
      "version": "3.1.0",
      "resolved": "https://registry.npmjs.org/lodash.isarguments/-/lodash.isarguments-3.1.0.tgz",
      "integrity": "sha512-chi4NHZlZqZD18a0imDHnZPrDeBbTtVN7GXMwuGdRH9qotxAjYs3aVLKc7zNOG9eddR5Ksd8rvFEBc9SsggPpg=="
    },
    "node_modules/lodash.isarray": {
      "version": "3.0.4",
      "resolved": "https://registry.npmjs.org/lodash.isarray/-/lodash.isarray-3.0.4.tgz",
      "integrity": "sha512-JwObCrNJuT0Nnbuecmqr5DgtuBppuCvGD9lxjFpAzwnVtdGoDQ1zig+5W8k5/6Gcn0gZ3936HDAlGd28i7sOGQ=="
    }
  }
}