{
  "lockfileVersion": 2,
  "requires": true,
  "packages": {
    "": {
      "version": "1.0.0",
      "name": "foo",
      "devDependencies": {
        "@mockscope/tnpm-scripts-test": "1.0.5"
      }
    },
    "node_modules/@mockscope/tnpm-scripts-test": {
      "version": "1.0.5",
      "integrity": "sha512-thGyClS3OMgQ/c5bX1cVDmOc1R19nXluHxMWdY/4+Qo5Nw0fC/kSPgrELycHbND6kjt5xUNeFyOjmrVHIslAnQ==",
      "bin": {
        "tnpm-scripts-test": "a"
      },
      "resolved": "https://registry.npmmirror.com/@mockscope/tnpm-scripts-test/download/@mockscope/tnpm-scripts-test-1.0.5.tgz",
      "dev": true
    }
  },
  "dependencies": {
    "@mockscope/tnpm-scripts-test": {
      "version": "1.0.5",
      "resolved": "https://registry.npmmirror.com/@mockscope/tnpm-scripts-test/download/@mockscope/tnpm-scripts-test-1.0.5.tgz",
      "integrity": "sha512-thGyClS3OMgQ/c5bX1cVDmOc1R19nXluHxMWdY/4+Qo5Nw0fC/kSPgrELycHbND6kjt5xUNeFyOjmrVHIslAnQ==",
      "dev": true
    }
  },
  "name": "foo",
  "version": "1.0.0"
}
