{
  "name": "foo",
  "lockfileVersion": 2,
  "requires": true,
  "packages": {
    "": {
      "name": "foo",
      "dependencies": {
        "lodash.get": "latest",
        "lodash.set": "latest"
      }
    },
    "node_modules/lodash.get": {
      "version": "4.4.2",
      "resolved": "https://registry.npmmirror.com/lodash.get/download/lodash.get-4.4.2.tgz",
      "integrity": "sha1-LRd/ZS+jHpObRDjVNBSZ36OCXpk="
    },
    "node_modules/lodash.set": {
      "version": "4.4.2",
      "resolved": "https://registry.npmmirror.com/lodash.get/download/lodash.set-4.4.2.tgz",
      "integrity": "sha1-LRd/ZS+jHpObRDjVNBSZ36OCXpk="
    }
  },
  "dependencies": {
    "lodash.get": {
      "version": "4.4.2",
      "resolved": "https://registry.npmmirror.com/lodash.get/download/lodash.set-4.4.2.tgz",
      "integrity": "sha1-LRd/ZS+jHpObRDjVNBSZ36OCXpk="
    },
    "lodash.set": {
      "version": "4.4.2",
      "resolved": "https://registry.npmmirror.com/lodash.get/download/lodash.set-4.4.2.tgz",
      "integrity": "sha1-LRd/ZS+jHpObRDjVNBSZ36OCXpk="
    }
  }
}
