{
  "lockfileVersion": 2,
  "requires": true,
  "packages": {
    "": {
      "version": "1.0.0",
      "dependencies": {
        "@mockscope/gemwuu-1": "1.0.2",
        "@mockscope/tnpm-scripts-test": "1.0.2"
      },
      "name": "foo"
    },
    "node_modules/@mockscope/gemwuu-1": {
      "version": "1.0.2",
      "dependencies": {
        "uuid": "7.0.3"
      },
      "integrity": "sha512-6kgv5hya7LqnE15rkqzZ+v082s2qBBeLsg3qNDq+Zl2h+JtHwdpKAHWUvgy8+IDhPJkNo96oKyT92g1DM63QAQ==",
      "resolved": "https://registry.npmmirror.com/@mockscope/gemwuu-1/download/@mockscope/gemwuu-1-1.0.2.tgz"
    },
    "node_modules/@mockscope/tnpm-scripts-test": {
      "version": "1.0.2",
      "dependencies": {
        "uuid": "8.3.2"
      },
      "integrity": "sha512-2/GHUnAMq+5347khJMcnl9260txnM83y1xCZekv3EA3+xidYPNDw/7wYlkoRRzUqGUl/A1xlsZp4U9TumO2Jlw==",
      "resolved": "https://registry.npmmirror.com/@mockscope/tnpm-scripts-test/download/@mockscope/tnpm-scripts-test-1.0.2.tgz"
    },
    "node_modules/uuid": {
      "version": "7.0.3",
      "integrity": "sha1-xcnyyM8l3Ao3LE3xRBxB9b0MaAs=",
      "bin": {
        "uuid": "dist/bin/uuid"
      },
      "resolved": "https://registry.npmmirror.com/uuid/download/uuid-7.0.3.tgz"
    },
    "node_modules/@mockscope/tnpm-scripts-test/node_modules/uuid": {
      "version": "8.3.2",
      "integrity": "sha1-gNW1ztJxu5r2xEXyGhoExgbO++I=",
      "bin": {
        "uuid": "dist/bin/uuid"
      },
      "resolved": "https://registry.npmmirror.com/uuid/download/uuid-8.3.2.tgz"
    }
  },
  "dependencies": {
    "@mockscope/gemwuu-1": {
      "version": "1.0.2",
      "resolved": "https://registry.npmmirror.com/@mockscope/gemwuu-1/download/@mockscope/gemwuu-1-1.0.2.tgz",
      "integrity": "sha512-6kgv5hya7LqnE15rkqzZ+v082s2qBBeLsg3qNDq+Zl2h+JtHwdpKAHWUvgy8+IDhPJkNo96oKyT92g1DM63QAQ==",
      "requires": {
        "uuid": "7.0.3"
      }
    },
    "@mockscope/tnpm-scripts-test": {
      "version": "1.0.2",
      "resolved": "https://registry.npmmirror.com/@mockscope/tnpm-scripts-test/download/@mockscope/tnpm-scripts-test-1.0.2.tgz",
      "integrity": "sha512-2/GHUnAMq+5347khJMcnl9260txnM83y1xCZekv3EA3+xidYPNDw/7wYlkoRRzUqGUl/A1xlsZp4U9TumO2Jlw==",
      "requires": {
        "uuid": "8.3.2"
      },
      "dependencies": {
        "uuid": {
          "version": "8.3.2",
          "resolved": "https://registry.npmmirror.com/uuid/download/uuid-8.3.2.tgz",
          "integrity": "sha1-gNW1ztJxu5r2xEXyGhoExgbO++I="
        }
      }
    },
    "uuid": {
      "version": "7.0.3",
      "resolved": "https://registry.npmmirror.com/uuid/download/uuid-7.0.3.tgz",
      "integrity": "sha1-xcnyyM8l3Ao3LE3xRBxB9b0MaAs="
    }
  },
  "name": "foo",
  "version": "1.0.0"
}
