{
  "lockfileVersion": 2,
  "requires": true,
  "packages": {
    "": {
      "version": "1.0.0",
      "dependencies": {
        "lodash.has": "4.5.2"
      },
      "workspaces": {
        "packages": [
          "packages/a",
          "packages/b"
        ]
      },
      "name": "npm-workspace"
    },
    "packages/a": {
      "version": "1.0.0",
      "dependencies": {
        "lodash.has": "4.5.1",
        "@mockscope/b": "1.0.0"
      },
      "name": "@mockscope/a"
    },
    "packages/b": {
      "version": "1.0.0",
      "dependencies": {
        "lodash.chunk": "4.2.0"
      },
      "name": "@mockscope/b"
    },
    "node_modules/@mockscope/a": {
      "resolved": "packages/a",
      "link": true
    },
    "node_modules/@mockscope/b": {
      "resolved": "packages/b",
      "link": true
    },
    "node_modules/lodash.has": {
      "version": "4.5.2",
      "integrity": "sha1-0Z9NwQlQWMzL4rDN9O4P5Ko3yGI=",
      "resolved": "https://registry.npmmirror.com/lodash.has/download/lodash.has-4.5.2.tgz"
    },
    "packages/a/node_modules/lodash.has": {
      "version": "4.5.1",
      "integrity": "sha1-8cfrZpaYwE9uQTXLXLpumfW5B4o=",
      "resolved": "https://registry.npmmirror.com/lodash.has/download/lodash.has-4.5.1.tgz"
    },
    "node_modules/lodash.chunk": {
      "version": "4.2.0",
      "integrity": "sha1-ZuXOH3btJ7QwPYxlEujRIW6BBrw=",
      "resolved": "https://registry.npmmirror.com/lodash.chunk/download/lodash.chunk-4.2.0.tgz"
    }
  },
  "dependencies": {
    "@mockscope/a": {
      "version": "file:packages/a",
      "requires": {
        "lodash.has": "4.5.1",
        "@mockscope/b": "1.0.0"
      },
      "dependencies": {
        "lodash.has": {
          "version": "4.5.1",
          "resolved": "https://registry.npmmirror.com/lodash.has/download/lodash.has-4.5.1.tgz",
          "integrity": "sha1-8cfrZpaYwE9uQTXLXLpumfW5B4o="
        }
      }
    },
    "@mockscope/b": {
      "version": "file:packages/b",
      "requires": {
        "lodash.chunk": "4.2.0"
      }
    },
    "lodash.has": {
      "version": "4.5.2",
      "resolved": "https://registry.npmmirror.com/lodash.has/download/lodash.has-4.5.2.tgz",
      "integrity": "sha1-0Z9NwQlQWMzL4rDN9O4P5Ko3yGI="
    },
    "lodash.chunk": {
      "version": "4.2.0",
      "resolved": "https://registry.npmmirror.com/lodash.chunk/download/lodash.chunk-4.2.0.tgz",
      "integrity": "sha1-ZuXOH3btJ7QwPYxlEujRIW6BBrw="
    }
  },
  "name": "npm-workspace",
  "version": "1.0.0"
}