{
  "lockfileVersion": 2,
  "requires": true,
  "packages": {
    "": {
      "version": "1.0.0",
      "name": "foo",
      "devDependencies": {
        "@mockscope/tnpm-scripts-test": "1.0.6"
      }
    },
    "node_modules/@mockscope/tnpm-scripts-test": {
      "version": "1.0.6",
      "dependencies": {
        "lodash.has": "4.5.2"
      },
      "bundleDependencies": [
        "lodash.has"
      ],
      "engines": {
        "install-alinode": "4.10.0"
      },
      "integrity": "sha512-DG5lE/Z1/1iUfz2EvHVps9RLqveExPIjOu+37Zh27VbjIw68VzwMzAie+md2CoVN2GGmV7YRllY/7i5+f03IjQ==",
      "bin": {
        "tnpm-scripts-test": "a"
      },
      "resolved": "https://registry.npmmirror.com/@mockscope/tnpm-scripts-test/download/@mockscope/tnpm-scripts-test-1.0.6.tgz",
      "dev": true
    }
  },
  "dependencies": {
    "@mockscope/tnpm-scripts-test": {
      "version": "1.0.6",
      "resolved": "https://registry.npmmirror.com/@mockscope/tnpm-scripts-test/download/@mockscope/tnpm-scripts-test-1.0.6.tgz",
      "integrity": "sha512-DG5lE/Z1/1iUfz2EvHVps9RLqveExPIjOu+37Zh27VbjIw68VzwMzAie+md2CoVN2GGmV7YRllY/7i5+f03IjQ==",
      "dev": true,
      "requires": {
        "lodash.has": "4.5.2"
      }
    }
  },
  "name": "foo",
  "version": "1.0.0"
}
