{
  "name": "npm-workspace",
  "version": "1.0.0",
  "lockfileVersion": 2,
  "requires": true,
  "packages": {
    "": {
      "name": "npm-workspace",
      "version": "1.0.0",
      "hasInstallScript": true,
      "workspaces": [
        "packages/*"
      ],
      "dependencies": {
        "lodash.has": "4.5.2"
      }
    },
    "node_modules/@mockscope/a": {
      "resolved": "packages/a",
      "link": true
    },
    "node_modules/@mockscope/b": {
      "resolved": "packages/b",
      "link": true
    },
    "node_modules/lodash.chunk": {
      "version": "4.2.0",
      "resolved": "https://registry.npmmirror.com/lodash.chunk/download/lodash.chunk-4.2.0.tgz",
      "integrity": "sha1-ZuXOH3btJ7QwPYxlEujRIW6BBrw="
    },
    "node_modules/lodash.get": {
      "version": "4.4.2",
      "resolved": "https://registry.npmmirror.com/lodash.get/download/lodash.get-4.4.2.tgz",
      "integrity": "sha1-LRd/ZS+jHpObRDjVNBSZ36OCXpk="
    },
    "node_modules/lodash.has": {
      "version": "4.5.2",
      "resolved": "https://registry.npmmirror.com/lodash.has/download/lodash.has-4.5.2.tgz",
      "integrity": "sha1-0Z9NwQlQWMzL4rDN9O4P5Ko3yGI="
    },
    "packages/a": {
      "name": "@mockscope/a",
      "version": "1.0.0",
      "hasInstallScript": true,
      "dependencies": {
        "@mockscope/b": "1.0.0",
        "lodash.get": "latest"
      }
    },
    "packages/b": {
      "name": "@mockscope/b",
      "version": "1.0.0",
      "dependencies": {
        "lodash.chunk": "latest"
      }
    }
  },
  "dependencies": {
    "@mockscope/a": {
      "version": "file:packages/a",
      "requires": {
        "@mockscope/b": "1.0.0",
        "lodash.get": "latest"
      }
    },
    "@mockscope/b": {
      "version": "file:packages/b",
      "requires": {
        "lodash.chunk": "latest"
      }
    },
    "lodash.chunk": {
      "version": "4.2.0",
      "resolved": "https://registry.npmmirror.com/lodash.chunk/download/lodash.chunk-4.2.0.tgz",
      "integrity": "sha1-ZuXOH3btJ7QwPYxlEujRIW6BBrw="
    },
    "lodash.get": {
      "version": "4.4.2",
      "resolved": "https://registry.npmmirror.com/lodash.get/download/lodash.get-4.4.2.tgz",
      "integrity": "sha1-LRd/ZS+jHpObRDjVNBSZ36OCXpk="
    },
    "lodash.has": {
      "version": "4.5.2",
      "resolved": "https://registry.npmmirror.com/lodash.has/download/lodash.has-4.5.2.tgz",
      "integrity": "sha1-0Z9NwQlQWMzL4rDN9O4P5Ko3yGI="
    }
  }
}