{
  "lockfileVersion": 2,
  "requires": true,
  "packages": {
    "": {
      "version": "1.0.0",
      "dependencies": {
        "@mockscope/tnpm-scripts-test": "1.0.4"
      },
      "name": "foo"
    },
    "node_modules/@mockscope/tnpm-scripts-test": {
      "version": "1.0.4",
      "dependencies": {
        "uuid": "8.3.2"
      },
      "integrity": "sha512-OWXFniXC21VfxmQgcHq2tUqMrhrCDO6/EHQtnmSrb4tzlIraiGTgafOCPTywG+zGECF0YyA7Pie17NnXKw55bg==",
      "bin": {
        "tnpm-scripts-test": "a"
      },
      "resolved": "https://registry.npmmirror.com/@mockscope/tnpm-scripts-test/download/@mockscope/tnpm-scripts-test-1.0.4.tgz"
    },
    "node_modules/uuid": {
      "version": "8.3.2",
      "integrity": "sha1-gNW1ztJxu5r2xEXyGhoExgbO++I=",
      "bin": {
        "uuid": "dist/bin/uuid"
      },
      "resolved": "https://registry.npmmirror.com/uuid/download/uuid-8.3.2.tgz"
    }
  },
  "dependencies": {
    "@mockscope/tnpm-scripts-test": {
      "version": "1.0.4",
      "resolved": "https://registry.npmmirror.com/@mockscope/tnpm-scripts-test/download/@mockscope/tnpm-scripts-test-1.0.4.tgz",
      "integrity": "sha512-OWXFniXC21VfxmQgcHq2tUqMrhrCDO6/EHQtnmSrb4tzlIraiGTgafOCPTywG+zGECF0YyA7Pie17NnXKw55bg==",
      "requires": {
        "uuid": "8.3.2"
      }
    },
    "uuid": {
      "version": "8.3.2",
      "resolved": "https://registry.npmmirror.com/uuid/download/uuid-8.3.2.tgz",
      "integrity": "sha1-gNW1ztJxu5r2xEXyGhoExgbO++I="
    }
  },
  "name": "foo",
  "version": "1.0.0"
}
