{
  "lockfileVersion": 2,
  "requires": true,
  "packages": {
    "": {
      "dependencies": {
        "canvas": "npm:@mockscope/tnpm-scripts-test@1.0.9",
        "l": "npm:lodash.has@4.5.2",
        "@mockscope/a": "npm:lodash.has@4.5.2",
        "@mockscope/b": "npm:@mockscope/tnpm-scripts-test@1.0.9"
      },
      "name": "monorepo-build"
    },
    "node_modules/@mockscope/a": {
      "version": "4.5.2",
      "integrity": "sha1-0Z9NwQlQWMzL4rDN9O4P5Ko3yGI=",
      "name": "lodash.has",
      "resolved": "https://registry.npmmirror.com/lodash.has/download/lodash.has-4.5.2.tgz"
    },
    "node_modules/@mockscope/b": {
      "version": "1.0.9",
      "dependencies": {
        "lodash.has": "4.5.2"
      },
      "bundleDependencies": [
        "lodash.has"
      ],
      "engines": {
        "install-alinode": "4.10.0"
      },
      "integrity": "sha512-KaDklbhHDBnTyWRJxA2mya5W3C9dEhylWEi0TZKShj8uRd6Pi0tuxyx9SCL0ggG+iDKKmh3dtAs7LU3WF8H5sA==",
      "bin": {
        "a": "a",
        "a-cli": "a"
      },
      "name": "@mockscope/tnpm-scripts-test",
      "resolved": "https://registry.npmmirror.com/@mockscope/tnpm-scripts-test/download/@mockscope/tnpm-scripts-test-1.0.9.tgz"
    },
    "node_modules/canvas": {
      "version": "1.0.9",
      "dependencies": {
        "lodash.has": "4.5.2"
      },
      "bundleDependencies": [
        "lodash.has"
      ],
      "engines": {
        "install-alinode": "4.10.0"
      },
      "integrity": "sha512-KaDklbhHDBnTyWRJxA2mya5W3C9dEhylWEi0TZKShj8uRd6Pi0tuxyx9SCL0ggG+iDKKmh3dtAs7LU3WF8H5sA==",
      "bin": {
        "a": "a",
        "a-cli": "a"
      },
      "name": "@mockscope/tnpm-scripts-test",
      "resolved": "https://registry.npmmirror.com/@mockscope/tnpm-scripts-test/download/@mockscope/tnpm-scripts-test-1.0.9.tgz"
    },
    "node_modules/l": {
      "version": "4.5.2",
      "integrity": "sha1-0Z9NwQlQWMzL4rDN9O4P5Ko3yGI=",
      "name": "lodash.has",
      "resolved": "https://registry.npmmirror.com/lodash.has/download/lodash.has-4.5.2.tgz"
    }
  },
  "dependencies": {
    "@mockscope/a": {
      "version": "npm:lodash.has@4.5.2",
      "resolved": "https://registry.npmmirror.com/lodash.has/download/lodash.has-4.5.2.tgz",
      "integrity": "sha1-0Z9NwQlQWMzL4rDN9O4P5Ko3yGI="
    },
    "@mockscope/b": {
      "version": "npm:@mockscope/tnpm-scripts-test@1.0.9",
      "resolved": "https://registry.npmmirror.com/@mockscope/tnpm-scripts-test/download/@mockscope/tnpm-scripts-test-1.0.9.tgz",
      "integrity": "sha512-KaDklbhHDBnTyWRJxA2mya5W3C9dEhylWEi0TZKShj8uRd6Pi0tuxyx9SCL0ggG+iDKKmh3dtAs7LU3WF8H5sA==",
      "requires": {
        "lodash.has": "4.5.2"
      }
    },
    "canvas": {
      "version": "npm:@mockscope/tnpm-scripts-test@1.0.9",
      "resolved": "https://registry.npmmirror.com/@mockscope/tnpm-scripts-test/download/@mockscope/tnpm-scripts-test-1.0.9.tgz",
      "integrity": "sha512-KaDklbhHDBnTyWRJxA2mya5W3C9dEhylWEi0TZKShj8uRd6Pi0tuxyx9SCL0ggG+iDKKmh3dtAs7LU3WF8H5sA==",
      "requires": {
        "lodash.has": "4.5.2"
      }
    },
    "l": {
      "version": "npm:lodash.has@4.5.2",
      "resolved": "https://registry.npmmirror.com/lodash.has/download/lodash.has-4.5.2.tgz",
      "integrity": "sha1-0Z9NwQlQWMzL4rDN9O4P5Ko3yGI="
    }
  },
  "name": "monorepo-build"
}