{
  "lockfileVersion": 2,
  "requires": true,
  "packages": {
    "": {
      "version": "1.0.17",
      "dependencies": {
        "atob": "2.1.2"
      },
      "name": "hapolaris"
    },
    "node_modules/atob": {
      "version": "2.1.2",
      "engines": {
        "node": ">= 4.5.0"
      },
      "integrity": "sha1-bZUX654DDSQ2ZmZR6GvZ9vE1M8k=",
      "bin": {
        "atob": "bin/atob.js"
      },
      "resolved": "https://registry.npmmirror.com/atob/download/atob-2.1.2.tgz"
    }
  },
  "dependencies": {
    "atob": {
      "version": "2.1.2",
      "resolved": "https://registry.npmmirror.com/atob/download/atob-2.1.2.tgz",
      "integrity": "sha1-bZUX654DDSQ2ZmZR6GvZ9vE1M8k="
    }
  },
  "name": "hapolaris",
  "version": "1.0.17"
}